// !$*UTF8*$!
{
	archiveVersion = 1;
	classes = {
	};
	objectVersion = 50;
	objects = {

/* Begin PBXBuildFile section */
		5A19DDDC22D5D0C600384A2E /* AppDelegate.m in Sources */ = {isa = PBXBuildFile; fileRef = 5A19DDDB22D5D0C600384A2E /* AppDelegate.m */; };
		5A19DDDF22D5D0C600384A2E /* ViewController.m in Sources */ = {isa = PBXBuildFile; fileRef = 5A19DDDE22D5D0C600384A2E /* ViewController.m */; };
		5A19DDE222D5D0C600384A2E /* Main.storyboard in Resources */ = {isa = PBXBuildFile; fileRef = 5A19DDE022D5D0C600384A2E /* Main.storyboard */; };
		5A19DDE422D5D0C800384A2E /* Assets.xcassets in Resources */ = {isa = PBXBuildFile; fileRef = 5A19DDE322D5D0C800384A2E /* Assets.xcassets */; };
		5A19DDE722D5D0C800384A2E /* LaunchScreen.storyboard in Resources */ = {isa = PBXBuildFile; fileRef = 5A19DDE522D5D0C800384A2E /* LaunchScreen.storyboard */; };
		5A19DDEA22D5D0C800384A2E /* main.m in Sources */ = {isa = PBXBuildFile; fileRef = 5A19DDE922D5D0C800384A2E /* main.m */; };
		5A19DDF422D5D0C800384A2E /* demoTests.m in Sources */ = {isa = PBXBuildFile; fileRef = 5A19DDF322D5D0C800384A2E /* demoTests.m */; };
		5A19DDFF22D5D0C900384A2E /* demoUITests.m in Sources */ = {isa = PBXBuildFile; fileRef = 5A19DDFE22D5D0C900384A2E /* demoUITests.m */; };
		5A19DE1122D5D2B400384A2E /* RTBEquipmentInfo_iOS.framework in Frameworks */ = {isa = PBXBuildFile; fileRef = 5A19DE0F22D5D15700384A2E /* RTBEquipmentInfo_iOS.framework */; };
		5A19DE1222D5D2B400384A2E /* RTBEquipmentInfo_iOS.framework in Embed Frameworks */ = {isa = PBXBuildFile; fileRef = 5A19DE0F22D5D15700384A2E /* RTBEquipmentInfo_iOS.framework */; settings = {ATTRIBUTES = (CodeSignOnCopy, RemoveHeadersOnCopy, ); }; };
/* End PBXBuildFile section */

/* Begin PBXContainerItemProxy section */
		5A19DDF022D5D0C800384A2E /* PBXContainerItemProxy */ = {
			isa = PBXContainerItemProxy;
			containerPortal = 5A19DDCF22D5D0C600384A2E /* Project object */;
			proxyType = 1;
			remoteGlobalIDString = 5A19DDD622D5D0C600384A2E;
			remoteInfo = demo;
		};
		5A19DDFB22D5D0C900384A2E /* PBXContainerItemProxy */ = {
			isa = PBXContainerItemProxy;
			containerPortal = 5A19DDCF22D5D0C600384A2E /* Project object */;
			proxyType = 1;
			remoteGlobalIDString = 5A19DDD622D5D0C600384A2E;
			remoteInfo = demo;
		};
/* End PBXContainerItemProxy section */

/* Begin PBXCopyFilesBuildPhase section */
		5A19DE1322D5D2B400384A2E /* Embed Frameworks */ = {
			isa = PBXCopyFilesBuildPhase;
			buildActionMask = 2147483647;
			dstPath = "";
			dstSubfolderSpec = 10;
			files = (
				5A19DE1222D5D2B400384A2E /* RTBEquipmentInfo_iOS.framework in Embed Frameworks */,
			);
			name = "Embed Frameworks";
			runOnlyForDeploymentPostprocessing = 0;
		};
/* End PBXCopyFilesBuildPhase section */

/* Begin PBXFileReference section */
		5A19DDD722D5D0C600384A2E /* demo.app */ = {isa = PBXFileReference; explicitFileType = wrapper.application; includeInIndex = 0; path = demo.app; sourceTree = BUILT_PRODUCTS_DIR; };
		5A19DDDA22D5D0C600384A2E /* AppDelegate.h */ = {isa = PBXFileReference; lastKnownFileType = sourcecode.c.h; path = AppDelegate.h; sourceTree = "<group>"; };
		5A19DDDB22D5D0C600384A2E /* AppDelegate.m */ = {isa = PBXFileReference; lastKnownFileType = sourcecode.c.objc; path = AppDelegate.m; sourceTree = "<group>"; };
		5A19DDDD22D5D0C600384A2E /* ViewController.h */ = {isa = PBXFileReference; lastKnownFileType = sourcecode.c.h; path = ViewController.h; sourceTree = "<group>"; };
		5A19DDDE22D5D0C600384A2E /* ViewController.m */ = {isa = PBXFileReference; lastKnownFileType = sourcecode.c.objc; path = ViewController.m; sourceTree = "<group>"; };
		5A19DDE122D5D0C600384A2E /* Base */ = {isa = PBXFileReference; lastKnownFileType = file.storyboard; name = Base; path = Base.lproj/Main.storyboard; sourceTree = "<group>"; };
		5A19DDE322D5D0C800384A2E /* Assets.xcassets */ = {isa = PBXFileReference; lastKnownFileType = folder.assetcatalog; path = Assets.xcassets; sourceTree = "<group>"; };
		5A19DDE622D5D0C800384A2E /* Base */ = {isa = PBXFileReference; lastKnownFileType = file.storyboard; name = Base; path = Base.lproj/LaunchScreen.storyboard; sourceTree = "<group>"; };
		5A19DDE822D5D0C800384A2E /* Info.plist */ = {isa = PBXFileReference; lastKnownFileType = text.plist.xml; path = Info.plist; sourceTree = "<group>"; };
		5A19DDE922D5D0C800384A2E /* main.m */ = {isa = PBXFileReference; lastKnownFileType = sourcecode.c.objc; path = main.m; sourceTree = "<group>"; };
		5A19DDEF22D5D0C800384A2E /* demoTests.xctest */ = {isa = PBXFileReference; explicitFileType = wrapper.cfbundle; includeInIndex = 0; path = demoTests.xctest; sourceTree = BUILT_PRODUCTS_DIR; };
		5A19DDF322D5D0C800384A2E /* demoTests.m */ = {isa = PBXFileReference; lastKnownFileType = sourcecode.c.objc; path = demoTests.m; sourceTree = "<group>"; };
		5A19DDF522D5D0C800384A2E /* Info.plist */ = {isa = PBXFileReference; lastKnownFileType = text.plist.xml; path = Info.plist; sourceTree = "<group>"; };
		5A19DDFA22D5D0C900384A2E /* demoUITests.xctest */ = {isa = PBXFileReference; explicitFileType = wrapper.cfbundle; includeInIndex = 0; path = demoUITests.xctest; sourceTree = BUILT_PRODUCTS_DIR; };
		5A19DDFE22D5D0C900384A2E /* demoUITests.m */ = {isa = PBXFileReference; lastKnownFileType = sourcecode.c.objc; path = demoUITests.m; sourceTree = "<group>"; };
		5A19DE0022D5D0C900384A2E /* Info.plist */ = {isa = PBXFileReference; lastKnownFileType = text.plist.xml; path = Info.plist; sourceTree = "<group>"; };
		5A19DE0C22D5D0E300384A2E /* RTBEquipmentInfo_iOS.framework */ = {isa = PBXFileReference; lastKnownFileType = wrapper.framework; path = RTBEquipmentInfo_iOS.framework; sourceTree = "<group>"; };
		5A19DE0F22D5D15700384A2E /* RTBEquipmentInfo_iOS.framework */ = {isa = PBXFileReference; lastKnownFileType = wrapper.framework; name = RTBEquipmentInfo_iOS.framework; path = ../../RTBEquipmentInfo_iOS.framework; sourceTree = "<group>"; };
/* End PBXFileReference section */

/* Begin PBXFrameworksBuildPhase section */
		5A19DDD422D5D0C600384A2E /* Frameworks */ = {
			isa = PBXFrameworksBuildPhase;
			buildActionMask = 2147483647;
			files = (
				5A19DE1122D5D2B400384A2E /* RTBEquipmentInfo_iOS.framework in Frameworks */,
			);
			runOnlyForDeploymentPostprocessing = 0;
		};
		5A19DDEC22D5D0C800384A2E /* Frameworks */ = {
			isa = PBXFrameworksBuildPhase;
			buildActionMask = 2147483647;
			files = (
			);
			runOnlyForDeploymentPostprocessing = 0;
		};
		5A19DDF722D5D0C800384A2E /* Frameworks */ = {
			isa = PBXFrameworksBuildPhase;
			buildActionMask = 2147483647;
			files = (
			);
			runOnlyForDeploymentPostprocessing = 0;
		};
/* End PBXFrameworksBuildPhase section */

/* Begin PBXGroup section */
		5A19DDCE22D5D0C600384A2E = {
			isa = PBXGroup;
			children = (
				5A19DDD922D5D0C600384A2E /* demo */,
				5A19DDF222D5D0C800384A2E /* demoTests */,
				5A19DDFD22D5D0C900384A2E /* demoUITests */,
				5A19DDD822D5D0C600384A2E /* Products */,
				5A19DE0E22D5D15700384A2E /* Frameworks */,
			);
			sourceTree = "<group>";
		};
		5A19DDD822D5D0C600384A2E /* Products */ = {
			isa = PBXGroup;
			children = (
				5A19DDD722D5D0C600384A2E /* demo.app */,
				5A19DDEF22D5D0C800384A2E /* demoTests.xctest */,
				5A19DDFA22D5D0C900384A2E /* demoUITests.xctest */,
			);
			name = Products;
			sourceTree = "<group>";
		};
		5A19DDD922D5D0C600384A2E /* demo */ = {
			isa = PBXGroup;
			children = (
				5A19DE0C22D5D0E300384A2E /* RTBEquipmentInfo_iOS.framework */,
				5A19DDDA22D5D0C600384A2E /* AppDelegate.h */,
				5A19DDDB22D5D0C600384A2E /* AppDelegate.m */,
				5A19DDDD22D5D0C600384A2E /* ViewController.h */,
				5A19DDDE22D5D0C600384A2E /* ViewController.m */,
				5A19DDE022D5D0C600384A2E /* Main.storyboard */,
				5A19DDE322D5D0C800384A2E /* Assets.xcassets */,
				5A19DDE522D5D0C800384A2E /* LaunchScreen.storyboard */,
				5A19DDE822D5D0C800384A2E /* Info.plist */,
				5A19DDE922D5D0C800384A2E /* main.m */,
			);
			path = demo;
			sourceTree = "<group>";
		};
		5A19DDF222D5D0C800384A2E /* demoTests */ = {
			isa = PBXGroup;
			children = (
				5A19DDF322D5D0C800384A2E /* demoTests.m */,
				5A19DDF522D5D0C800384A2E /* Info.plist */,
			);
			path = demoTests;
			sourceTree = "<group>";
		};
		5A19DDFD22D5D0C900384A2E /* demoUITests */ = {
			isa = PBXGroup;
			children = (
				5A19DDFE22D5D0C900384A2E /* demoUITests.m */,
				5A19DE0022D5D0C900384A2E /* Info.plist */,
			);
			path = demoUITests;
			sourceTree = "<group>";
		};
		5A19DE0E22D5D15700384A2E /* Frameworks */ = {
			isa = PBXGroup;
			children = (
				5A19DE0F22D5D15700384A2E /* RTBEquipmentInfo_iOS.framework */,
			);
			name = Frameworks;
			sourceTree = "<group>";
		};
/* End PBXGroup section */

/* Begin PBXNativeTarget section */
		5A19DDD622D5D0C600384A2E /* demo */ = {
			isa = PBXNativeTarget;
			buildConfigurationList = 5A19DE0322D5D0C900384A2E /* Build configuration list for PBXNativeTarget "demo" */;
			buildPhases = (
				5A19DDD322D5D0C600384A2E /* Sources */,
				5A19DDD422D5D0C600384A2E /* Frameworks */,
				5A19DDD522D5D0C600384A2E /* Resources */,
				5A19DE1322D5D2B400384A2E /* Embed Frameworks */,
			);
			buildRules = (
			);
			dependencies = (
			);
			name = demo;
			productName = demo;
			productReference = 5A19DDD722D5D0C600384A2E /* demo.app */;
			productType = "com.apple.product-type.application";
		};
		5A19DDEE22D5D0C800384A2E /* demoTests */ = {
			isa = PBXNativeTarget;
			buildConfigurationList = 5A19DE0622D5D0C900384A2E /* Build configuration list for PBXNativeTarget "demoTests" */;
			buildPhases = (
				5A19DDEB22D5D0C800384A2E /* Sources */,
				5A19DDEC22D5D0C800384A2E /* Frameworks */,
				5A19DDED22D5D0C800384A2E /* Resources */,
			);
			buildRules = (
			);
			dependencies = (
				5A19DDF122D5D0C800384A2E /* PBXTargetDependency */,
			);
			name = demoTests;
			productName = demoTests;
			productReference = 5A19DDEF22D5D0C800384A2E /* demoTests.xctest */;
			productType = "com.apple.product-type.bundle.unit-test";
		};
		5A19DDF922D5D0C800384A2E /* demoUITests */ = {
			isa = PBXNativeTarget;
			buildConfigurationList = 5A19DE0922D5D0C900384A2E /* Build configuration list for PBXNativeTarget "demoUITests" */;
			buildPhases = (
				5A19DDF622D5D0C800384A2E /* Sources */,
				5A19DDF722D5D0C800384A2E /* Frameworks */,
				5A19DDF822D5D0C800384A2E /* Resources */,
			);
			buildRules = (
			);
			dependencies = (
				5A19DDFC22D5D0C900384A2E /* PBXTargetDependency */,
			);
			name = demoUITests;
			productName = demoUITests;
			productReference = 5A19DDFA22D5D0C900384A2E /* demoUITests.xctest */;
			productType = "com.apple.product-type.bundle.ui-testing";
		};
/* End PBXNativeTarget section */

/* Begin PBXProject section */
		5A19DDCF22D5D0C600384A2E /* Project object */ = {
			isa = PBXProject;
			attributes = {
				LastUpgradeCheck = 1020;
				ORGANIZATIONNAME = "杨倩倩";
				TargetAttributes = {
					5A19DDD622D5D0C600384A2E = {
						CreatedOnToolsVersion = 10.2.1;
					};
					5A19DDEE22D5D0C800384A2E = {
						CreatedOnToolsVersion = 10.2.1;
						TestTargetID = 5A19DDD622D5D0C600384A2E;
					};
					5A19DDF922D5D0C800384A2E = {
						CreatedOnToolsVersion = 10.2.1;
						TestTargetID = 5A19DDD622D5D0C600384A2E;
					};
				};
			};
			buildConfigurationList = 5A19DDD222D5D0C600384A2E /* Build configuration list for PBXProject "demo" */;
			compatibilityVersion = "Xcode 9.3";
			developmentRegion = en;
			hasScannedForEncodings = 0;
			knownRegions = (
				en,
				Base,
			);
			mainGroup = 5A19DDCE22D5D0C600384A2E;
			productRefGroup = 5A19DDD822D5D0C600384A2E /* Products */;
			projectDirPath = "";
			projectRoot = "";
			targets = (
				5A19DDD622D5D0C600384A2E /* demo */,
				5A19DDEE22D5D0C800384A2E /* demoTests */,
				5A19DDF922D5D0C800384A2E /* demoUITests */,
			);
		};
/* End PBXProject section */

/* Begin PBXResourcesBuildPhase section */
		5A19DDD522D5D0C600384A2E /* Resources */ = {
			isa = PBXResourcesBuildPhase;
			buildActionMask = 2147483647;
			files = (
				5A19DDE722D5D0C800384A2E /* LaunchScreen.storyboard in Resources */,
				5A19DDE422D5D0C800384A2E /* Assets.xcassets in Resources */,
				5A19DDE222D5D0C600384A2E /* Main.storyboard in Resources */,
			);
			runOnlyForDeploymentPostprocessing = 0;
		};
		5A19DDED22D5D0C800384A2E /* Resources */ = {
			isa = PBXResourcesBuildPhase;
			buildActionMask = 2147483647;
			files = (
			);
			runOnlyForDeploymentPostprocessing = 0;
		};
		5A19DDF822D5D0C800384A2E /* Resources */ = {
			isa = PBXResourcesBuildPhase;
			buildActionMask = 2147483647;
			files = (
			);
			runOnlyForDeploymentPostprocessing = 0;
		};
/* End PBXResourcesBuildPhase section */

/* Begin PBXSourcesBuildPhase section */
		5A19DDD322D5D0C600384A2E /* Sources */ = {
			isa = PBXSourcesBuildPhase;
			buildActionMask = 2147483647;
			files = (
				5A19DDDF22D5D0C600384A2E /* ViewController.m in Sources */,
				5A19DDEA22D5D0C800384A2E /* main.m in Sources */,
				5A19DDDC22D5D0C600384A2E /* AppDelegate.m in Sources */,
			);
			runOnlyForDeploymentPostprocessing = 0;
		};
		5A19DDEB22D5D0C800384A2E /* Sources */ = {
			isa = PBXSourcesBuildPhase;
			buildActionMask = 2147483647;
			files = (
				5A19DDF422D5D0C800384A2E /* demoTests.m in Sources */,
			);
			runOnlyForDeploymentPostprocessing = 0;
		};
		5A19DDF622D5D0C800384A2E /* Sources */ = {
			isa = PBXSourcesBuildPhase;
			buildActionMask = 2147483647;
			files = (
				5A19DDFF22D5D0C900384A2E /* demoUITests.m in Sources */,
			);
			runOnlyForDeploymentPostprocessing = 0;
		};
/* End PBXSourcesBuildPhase section */

/* Begin PBXTargetDependency section */
		5A19DDF122D5D0C800384A2E /* PBXTargetDependency */ = {
			isa = PBXTargetDependency;
			target = 5A19DDD622D5D0C600384A2E /* demo */;
			targetProxy = 5A19DDF022D5D0C800384A2E /* PBXContainerItemProxy */;
		};
		5A19DDFC22D5D0C900384A2E /* PBXTargetDependency */ = {
			isa = PBXTargetDependency;
			target = 5A19DDD622D5D0C600384A2E /* demo */;
			targetProxy = 5A19DDFB22D5D0C900384A2E /* PBXContainerItemProxy */;
		};
/* End PBXTargetDependency section */

/* Begin PBXVariantGroup section */
		5A19DDE022D5D0C600384A2E /* Main.storyboard */ = {
			isa = PBXVariantGroup;
			children = (
				5A19DDE122D5D0C600384A2E /* Base */,
			);
			name = Main.storyboard;
			sourceTree = "<group>";
		};
		5A19DDE522D5D0C800384A2E /* LaunchScreen.storyboard */ = {
			isa = PBXVariantGroup;
			children = (
				5A19DDE622D5D0C800384A2E /* Base */,
			);
			name = LaunchScreen.storyboard;
			sourceTree = "<group>";
		};
/* End PBXVariantGroup section */

/* Begin XCBuildConfiguration section */
		5A19DE0122D5D0C900384A2E /* Debug */ = {
			isa = XCBuildConfiguration;
			buildSettings = {
				ALWAYS_SEARCH_USER_PATHS = NO;
				CLANG_ANALYZER_NONNULL = YES;
				CLANG_ANALYZER_NUMBER_OBJECT_CONVERSION = YES_AGGRESSIVE;
				CLANG_CXX_LANGUAGE_STANDARD = "gnu++14";
				CLANG_CXX_LIBRARY = "libc++";
				CLANG_ENABLE_MODULES = YES;
				CLANG_ENABLE_OBJC_ARC = YES;
				CLANG_ENABLE_OBJC_WEAK = YES;
				CLANG_WARN_BLOCK_CAPTURE_AUTORELEASING = YES;
				CLANG_WARN_BOOL_CONVERSION = YES;
				CLANG_WARN_COMMA = YES;
				CLANG_WARN_CONSTANT_CONVERSION = YES;
				CLANG_WARN_DEPRECATED_OBJC_IMPLEMENTATIONS = YES;
				CLANG_WARN_DIRECT_OBJC_ISA_USAGE = YES_ERROR;
				CLANG_WARN_DOCUMENTATION_COMMENTS = YES;
				CLANG_WARN_EMPTY_BODY = YES;
				CLANG_WARN_ENUM_CONVERSION = YES;
				CLANG_WARN_INFINITE_RECURSION = YES;
				CLANG_WARN_INT_CONVERSION = YES;
				CLANG_WARN_NON_LITERAL_NULL_CONVERSION = YES;
				CLANG_WARN_OBJC_IMPLICIT_RETAIN_SELF = YES;
				CLANG_WARN_OBJC_LITERAL_CONVERSION = YES;
				CLANG_WARN_OBJC_ROOT_CLASS = YES_ERROR;
				CLANG_WARN_RANGE_LOOP_ANALYSIS = YES;
				CLANG_WARN_STRICT_PROTOTYPES = YES;
				CLANG_WARN_SUSPICIOUS_MOVE = YES;
				CLANG_WARN_UNGUARDED_AVAILABILITY = YES_AGGRESSIVE;
				CLANG_WARN_UNREACHABLE_CODE = YES;
				CLANG_WARN__DUPLICATE_METHOD_MATCH = YES;
				CODE_SIGN_IDENTITY = "iPhone Developer";
				COPY_PHASE_STRIP = NO;
				DEBUG_INFORMATION_FORMAT = dwarf;
				ENABLE_STRICT_OBJC_MSGSEND = YES;
				ENABLE_TESTABILITY = YES;
				GCC_C_LANGUAGE_STANDARD = gnu11;
				GCC_DYNAMIC_NO_PIC = NO;
				GCC_NO_COMMON_BLOCKS = YES;
				GCC_OPTIMIZATION_LEVEL = 0;
				GCC_PREPROCESSOR_DEFINITIONS = (
					"DEBUG=1",
					"$(inherited)",
				);
				GCC_WARN_64_TO_32_BIT_CONVERSION = YES;
				GCC_WARN_ABOUT_RETURN_TYPE = YES_ERROR;
				GCC_WARN_UNDECLARED_SELECTOR = YES;
				GCC_WARN_UNINITIALIZED_AUTOS = YES_AGGRESSIVE;
				GCC_WARN_UNUSED_FUNCTION = YES;
				GCC_WARN_UNUSED_VARIABLE = YES;
				IPHONEOS_DEPLOYMENT_TARGET = 12.2;
				MTL_ENABLE_DEBUG_INFO = INCLUDE_SOURCE;
				MTL_FAST_MATH = YES;
				ONLY_ACTIVE_ARCH = YES;
				SDKROOT = iphoneos;
			};
			name = Debug;
		};
		5A19DE0222D5D0C900384A2E /* Release */ = {
			isa = XCBuildConfiguration;
			buildSettings = {
				ALWAYS_SEARCH_USER_PATHS = NO;
				CLANG_ANALYZER_NONNULL = YES;
				CLANG_ANALYZER_NUMBER_OBJECT_CONVERSION = YES_AGGRESSIVE;
				CLANG_CXX_LANGUAGE_STANDARD = "gnu++14";
				CLANG_CXX_LIBRARY = "libc++";
				CLANG_ENABLE_MODULES = YES;
				CLANG_ENABLE_OBJC_ARC = YES;
				CLANG_ENABLE_OBJC_WEAK = YES;
				CLANG_WARN_BLOCK_CAPTURE_AUTORELEASING = YES;
				CLANG_WARN_BOOL_CONVERSION = YES;
				CLANG_WARN_COMMA = YES;
				CLANG_WARN_CONSTANT_CONVERSION = YES;
				CLANG_WARN_DEPRECATED_OBJC_IMPLEMENTATIONS = YES;
				CLANG_WARN_DIRECT_OBJC_ISA_USAGE = YES_ERROR;
				CLANG_WARN_DOCUMENTATION_COMMENTS = YES;
				CLANG_WARN_EMPTY_BODY = YES;
				CLANG_WARN_ENUM_CONVERSION = YES;
				CLANG_WARN_INFINITE_RECURSION = YES;
				CLANG_WARN_INT_CONVERSION = YES;
				CLANG_WARN_NON_LITERAL_NULL_CONVERSION = YES;
				CLANG_WARN_OBJC_IMPLICIT_RETAIN_SELF = YES;
				CLANG_WARN_OBJC_LITERAL_CONVERSION = YES;
				CLANG_WARN_OBJC_ROOT_CLASS = YES_ERROR;
				CLANG_WARN_RANGE_LOOP_ANALYSIS = YES;
				CLANG_WARN_STRICT_PROTOTYPES = YES;
				CLANG_WARN_SUSPICIOUS_MOVE = YES;
				CLANG_WARN_UNGUARDED_AVAILABILITY = YES_AGGRESSIVE;
				CLANG_WARN_UNREACHABLE_CODE = YES;
				CLANG_WARN__DUPLICATE_METHOD_MATCH = YES;
				CODE_SIGN_IDENTITY = "iPhone Developer";
				COPY_PHASE_STRIP = NO;
				DEBUG_INFORMATION_FORMAT = "dwarf-with-dsym";
				ENABLE_NS_ASSERTIONS = NO;
				ENABLE_STRICT_OBJC_MSGSEND = YES;
				GCC_C_LANGUAGE_STANDARD = gnu11;
				GCC_NO_COMMON_BLOCKS = YES;
				GCC_WARN_64_TO_32_BIT_CONVERSION = YES;
				GCC_WARN_ABOUT_RETURN_TYPE = YES_ERROR;
				GCC_WARN_UNDECLARED_SELECTOR = YES;
				GCC_WARN_UNINITIALIZED_AUTOS = YES_AGGRESSIVE;
				GCC_WARN_UNUSED_FUNCTION = YES;
				GCC_WARN_UNUSED_VARIABLE = YES;
				IPHONEOS_DEPLOYMENT_TARGET = 12.2;
				MTL_ENABLE_DEBUG_INFO = NO;
				MTL_FAST_MATH = YES;
				SDKROOT = iphoneos;
				VALIDATE_PRODUCT = YES;
			};
			name = Release;
		};
		5A19DE0422D5D0C900384A2E /* Debug */ = {
			isa = XCBuildConfiguration;
			buildSettings = {
				ASSETCATALOG_COMPILER_APPICON_NAME = AppIcon;
				CODE_SIGN_STYLE = Automatic;
				DEVELOPMENT_TEAM = J79VSFUDA9;
				FRAMEWORK_SEARCH_PATHS = (
					"$(inherited)",
					"$(PROJECT_DIR)/demo",
				);
				INFOPLIST_FILE = demo/Info.plist;
				IPHONEOS_DEPLOYMENT_TARGET = 9.0;
				LD_RUNPATH_SEARCH_PATHS = (
					"$(inherited)",
					"@executable_path/Frameworks",
				);
				PRODUCT_BUNDLE_IDENTIFIER = com.rtbasia.demo;
				PRODUCT_NAME = "$(TARGET_NAME)";
				TARGETED_DEVICE_FAMILY = "1,2";
			};
			name = Debug;
		};
		5A19DE0522D5D0C900384A2E /* Release */ = {
			isa = XCBuildConfiguration;
			buildSettings = {
				ASSETCATALOG_COMPILER_APPICON_NAME = AppIcon;
				CODE_SIGN_STYLE = Automatic;
				DEVELOPMENT_TEAM = J79VSFUDA9;
				FRAMEWORK_SEARCH_PATHS = (
					"$(inherited)",
					"$(PROJECT_DIR)/demo",
				);
				INFOPLIST_FILE = demo/Info.plist;
				IPHONEOS_DEPLOYMENT_TARGET = 9.0;
				LD_RUNPATH_SEARCH_PATHS = (
					"$(inherited)",
					"@executable_path/Frameworks",
				);
				PRODUCT_BUNDLE_IDENTIFIER = com.rtbasia.demo;
				PRODUCT_NAME = "$(TARGET_NAME)";
				TARGETED_DEVICE_FAMILY = "1,2";
			};
			name = Release;
		};
		5A19DE0722D5D0C900384A2E /* Debug */ = {
			isa = XCBuildConfiguration;
			buildSettings = {
				BUNDLE_LOADER = "$(TEST_HOST)";
				CODE_SIGN_STYLE = Automatic;
				DEVELOPMENT_TEAM = J79VSFUDA9;
				INFOPLIST_FILE = demoTests/Info.plist;
				LD_RUNPATH_SEARCH_PATHS = (
					"$(inherited)",
					"@executable_path/Frameworks",
					"@loader_path/Frameworks",
				);
				PRODUCT_BUNDLE_IDENTIFIER = com.rtbasia.demoTests;
				PRODUCT_NAME = "$(TARGET_NAME)";
				TARGETED_DEVICE_FAMILY = "1,2";
				TEST_HOST = "$(BUILT_PRODUCTS_DIR)/demo.app/demo";
			};
			name = Debug;
		};
		5A19DE0822D5D0C900384A2E /* Release */ = {
			isa = XCBuildConfiguration;
			buildSettings = {
				BUNDLE_LOADER = "$(TEST_HOST)";
				CODE_SIGN_STYLE = Automatic;
				DEVELOPMENT_TEAM = J79VSFUDA9;
				INFOPLIST_FILE = demoTests/Info.plist;
				LD_RUNPATH_SEARCH_PATHS = (
					"$(inherited)",
					"@executable_path/Frameworks",
					"@loader_path/Frameworks",
				);
				PRODUCT_BUNDLE_IDENTIFIER = com.rtbasia.demoTests;
				PRODUCT_NAME = "$(TARGET_NAME)";
				TARGETED_DEVICE_FAMILY = "1,2";
				TEST_HOST = "$(BUILT_PRODUCTS_DIR)/demo.app/demo";
			};
			name = Release;
		};
		5A19DE0A22D5D0C900384A2E /* Debug */ = {
			isa = XCBuildConfiguration;
			buildSettings = {
				CODE_SIGN_STYLE = Automatic;
				DEVELOPMENT_TEAM = J79VSFUDA9;
				INFOPLIST_FILE = demoUITests/Info.plist;
				LD_RUNPATH_SEARCH_PATHS = (
					"$(inherited)",
					"@executable_path/Frameworks",
					"@loader_path/Frameworks",
				);
				PRODUCT_BUNDLE_IDENTIFIER = com.rtbasia.demoUITests;
				PRODUCT_NAME = "$(TARGET_NAME)";
				TARGETED_DEVICE_FAMILY = "1,2";
				TEST_TARGET_NAME = demo;
			};
			name = Debug;
		};
		5A19DE0B22D5D0C900384A2E /* Release */ = {
			isa = XCBuildConfiguration;
			buildSettings = {
				CODE_SIGN_STYLE = Automatic;
				DEVELOPMENT_TEAM = J79VSFUDA9;
				INFOPLIST_FILE = demoUITests/Info.plist;
				LD_RUNPATH_SEARCH_PATHS = (
					"$(inherited)",
					"@executable_path/Frameworks",
					"@loader_path/Frameworks",
				);
				PRODUCT_BUNDLE_IDENTIFIER = com.rtbasia.demoUITests;
				PRODUCT_NAME = "$(TARGET_NAME)";
				TARGETED_DEVICE_FAMILY = "1,2";
				TEST_TARGET_NAME = demo;
			};
			name = Release;
		};
/* End XCBuildConfiguration section */

/* Begin XCConfigurationList section */
		5A19DDD222D5D0C600384A2E /* Build configuration list for PBXProject "demo" */ = {
			isa = XCConfigurationList;
			buildConfigurations = (
				5A19DE0122D5D0C900384A2E /* Debug */,
				5A19DE0222D5D0C900384A2E /* Release */,
			);
			defaultConfigurationIsVisible = 0;
			defaultConfigurationName = Release;
		};
		5A19DE0322D5D0C900384A2E /* Build configuration list for PBXNativeTarget "demo" */ = {
			isa = XCConfigurationList;
			buildConfigurations = (
				5A19DE0422D5D0C900384A2E /* Debug */,
				5A19DE0522D5D0C900384A2E /* Release */,
			);
			defaultConfigurationIsVisible = 0;
			defaultConfigurationName = Release;
		};
		5A19DE0622D5D0C900384A2E /* Build configuration list for PBXNativeTarget "demoTests" */ = {
			isa = XCConfigurationList;
			buildConfigurations = (
				5A19DE0722D5D0C900384A2E /* Debug */,
				5A19DE0822D5D0C900384A2E /* Release */,
			);
			defaultConfigurationIsVisible = 0;
			defaultConfigurationName = Release;
		};
		5A19DE0922D5D0C900384A2E /* Build configuration list for PBXNativeTarget "demoUITests" */ = {
			isa = XCConfigurationList;
			buildConfigurations = (
				5A19DE0A22D5D0C900384A2E /* Debug */,
				5A19DE0B22D5D0C900384A2E /* Release */,
			);
			defaultConfigurationIsVisible = 0;
			defaultConfigurationName = Release;
		};
/* End XCConfigurationList section */
	};
	rootObject = 5A19DDCF22D5D0C600384A2E /* Project object */;
}
